# This file is autogenerated, do not edit; changes may be undone by the next 'dep ensure'.


[[projects]]
  branch = "master"
  digest = "1:0d7a2df3f50b10ccaeac6c37b4970245d6ad3b9f19c8fe8e820cb335006c8100"
  name = "github.com/OpenBazaar/jsonpb"
  packages = ["."]
  pruneopts = "UT"
  revision = "37d32ddf4eefaab6c19a01c99f4e00df9b1be48f"

[[projects]]
  branch = "ethereum-master"
  digest = "1:c411c1051b3ab7c823786bf82887580f2d93898be2504e145a67419afef5ba2d"
  name = "github.com/OpenBazaar/wallet-interface"
  packages = ["."]
  pruneopts = "UT"
  revision = "cbbb40466dcfe7d299f685fd0aa9a4fe9ea49147"

[[projects]]
  digest = "1:83b8f1c165bb7860f9928e7be451e4b19d82a9b86a43542f5acce85a71a8bc8f"
  name = "github.com/asticode/go-astilectron"
  packages = ["."]
  pruneopts = "UT"
  revision = "12a267a595961346a60d1496fa59e316cc0bfdae"
  version = "v0.9.3"

[[projects]]
  digest = "1:e739066dc3e8a4002e2c4b4795a990c35ba16a10d7058d3abf4f78d511bfd959"
  name = "github.com/asticode/go-astilog"
  packages = ["."]
  pruneopts = "UT"
  revision = "5ca66eabf51fe203403fe739dba15f4df823beaf"
  version = "v1.2.0"

[[projects]]
  digest = "1:d577452b7440589d42f3227c016f3adb3b11290501c7a25a4e7ebf306e2761be"
  name = "github.com/asticode/go-astitools"
  packages = [
    "archive",
    "context",
    "exec",
    "http",
    "io",
    "os",
    "regexp",
    "template",
    "url",
  ]
  pruneopts = "UT"
  revision = "175db0d77dfaee6800a78648b73dc48554e69d15"
  version = "v1.2.2"

[[projects]]
  digest = "1:323ef1c999160d12fafa4074b5a5706511baf1cd91a935ae62494791c94abaf4"
  name = "github.com/atotto/clipboard"
  packages = ["."]
  pruneopts = "UT"
  revision = "579379fa8ff8a6d3fa979cec107f8f6d7f8fde90"
  version = "v0.1.2"

[[projects]]
  digest = "1:0f98f59e9a2f4070d66f0c9c39561f68fcd1dc837b22a852d28d0003aebd1b1e"
  name = "github.com/boltdb/bolt"
  packages = ["."]
  pruneopts = "UT"
  revision = "2f1ce7a837dcb8da3ec595b1dac9d0632f0f99e8"
  version = "v1.3.1"

[[projects]]
  digest = "1:38e337477887a8935559e3042ce53f14fcc24fd66635b57f423965c8297ccc90"
  name = "github.com/btcsuite/btcd"
  packages = [
    "addrmgr",
    "blockchain",
    "btcec",
    "chaincfg",
    "chaincfg/chainhash",
    "connmgr",
    "database",
    "peer",
    "txscript",
    "wire",
  ]
  pruneopts = "UT"
  revision = "f3ec13030e4e828869954472cbc51ac36bee5c1d"
  version = "v0.20.1-beta"

[[projects]]
  branch = "master"
  digest = "1:30d4a548e09bca4a0c77317c58e7407e2a65c15325e944f9c08a7b7992f8a59e"
  name = "github.com/btcsuite/btclog"
  packages = ["."]
  pruneopts = "UT"
  revision = "84c8d2346e9fc8c7b947e243b9c24e6df9fd206a"

[[projects]]
  branch = "master"
  digest = "1:0faf30bd4ac78188ebeb913680b3dec83dccc62050f92fb2da3940d55e6a7977"
  name = "github.com/btcsuite/btcutil"
  packages = [
    ".",
    "base58",
    "bech32",
    "bloom",
    "coinset",
    "hdkeychain",
    "txsort",
  ]
  pruneopts = "UT"
  revision = "e17c9730c422e7c745002430f2782b948b59c1c2"

[[projects]]
  digest = "1:7ffc24d91a12c173c18fe9ada86a05fc476f8943f4acffeddc6ec87a4f32bdef"
  name = "github.com/btcsuite/btcwallet"
  packages = [
    "wallet/txauthor",
    "wallet/txrules",
    "wallet/txsizes",
  ]
  pruneopts = "UT"
  revision = "b19df70dddb66b27902f48cc48e69741909ef2e9"
  version = "v0.11.0"

[[projects]]
  branch = "master"
  digest = "1:1e6b2f7aa98b082c30a1303c29a702c369b2ec6d86b74a599bc8bbe2333db299"
  name = "github.com/btcsuite/go-socks"
  packages = ["socks"]
  pruneopts = "UT"
  revision = "4720035b7bfd2a9bb130b1c184f8bbe41b6f0d0f"

[[projects]]
  digest = "1:91fc3f4d1842584d1342364193106e80d1d532bbd1668fbd7c61627f01d0111f"
  name = "github.com/btcsuite/goleveldb"
  packages = [
    "leveldb/errors",
    "leveldb/storage",
    "leveldb/util",
  ]
  pruneopts = "UT"
  revision = "3fd0373267b6461dbefe91cef614278064d05465"
  version = "v1.0.0"

[[projects]]
  branch = "master"
  digest = "1:9d61b5ca59d3db0b1f1c1e9f5930b4f7c7fd954f54b70c1d83802b8805db918f"
  name = "github.com/cevaris/ordered_map"
  packages = ["."]
  pruneopts = "UT"
  revision = "3adeae072e730f1919a936e13b4923706d3f60fe"

[[projects]]
  digest = "1:ffe9824d294da03b391f44e1ae8281281b4afc1bdaa9588c9097785e3af10cec"
  name = "github.com/davecgh/go-spew"
  packages = ["spew"]
  pruneopts = "UT"
  revision = "8991bc29aa16c548c550c7ff78260e27b9ab7c73"
  version = "v1.1.1"

[[projects]]
  digest = "1:865079840386857c809b72ce300be7580cb50d3d3129ce11bf9aa6ca2bc1934a"
  name = "github.com/fatih/color"
  packages = ["."]
  pruneopts = "UT"
  revision = "5b77d2a35fb0ede96d138fc9a99f5c9b6aef11b4"
  version = "v1.7.0"

[[projects]]
  digest = "1:7ade0e7351787347d3dd3456abb365fd71ea75c19a859505e6a427064e1f9e42"
  name = "github.com/golang/protobuf"
  packages = [
    "proto",
    "protoc-gen-go/descriptor",
    "ptypes",
    "ptypes/any",
    "ptypes/duration",
    "ptypes/timestamp",
  ]
  pruneopts = "UT"
  revision = "6c65a5562fc06764971b7c5d05c76c75e84bdbf7"
  version = "v1.3.2"

[[projects]]
  digest = "1:a2cff208d4759f6ba1b1cd228587b0a1869f95f22542ec9cd17fff64430113c7"
  name = "github.com/jessevdk/go-flags"
  packages = ["."]
  pruneopts = "UT"
  revision = "c6ca198ec95c841fdb89fc0de7496fed11ab854e"
  version = "v1.4.0"

[[projects]]
  digest = "1:84a35669b4b31cc20ffc89c3b2ab32f2189fb2366a973efa1c25e009ef6ae1c6"
  name = "github.com/julienschmidt/httprouter"
  packages = ["."]
  pruneopts = "UT"
  revision = "4eec211fa4e8df74ed978dc5681612131854144f"
  version = "v1.3.0"

[[projects]]
  digest = "1:31e761d97c76151dde79e9d28964a812c46efc5baee4085b86f68f0c654450de"
  name = "github.com/konsorten/go-windows-terminal-sequences"
  packages = ["."]
  pruneopts = "UT"
  revision = "f55edac94c9bbba5d6182a4be46d86a2c9b5b50e"
  version = "v1.0.2"

[[projects]]
  digest = "1:c658e84ad3916da105a761660dcaeb01e63416c8ec7bc62256a9b411a05fcd67"
  name = "github.com/mattn/go-colorable"
  packages = ["."]
  pruneopts = "UT"
  revision = "167de6bfdfba052fa6b2d3664c8f5272e23c9072"
  version = "v0.0.9"

[[projects]]
  digest = "1:29895093e370d9da5fd1c9ab12a5855ccb568f28766e0c3ff159c4b0f09aa127"
  name = "github.com/mattn/go-isatty"
  packages = ["."]
  pruneopts = "UT"
  revision = "31745d66dd679ac0ac4f8d3ecff168fce6170c6a"
  version = "v0.0.11"

[[projects]]
  digest = "1:a21bc477fa894d56ee83e6cb04eba08d183366ad5a717e36c51867c04f2a5ad9"
  name = "github.com/mattn/go-sqlite3"
  packages = ["."]
  pruneopts = "UT"
  revision = "53cff3fcebd1e177d04129dc131523635bc45d3d"
  version = "v2.0.2"

[[projects]]
  digest = "1:5d231480e1c64a726869bc4142d270184c419749d34f167646baa21008eb0a79"
  name = "github.com/mitchellh/go-homedir"
  packages = ["."]
  pruneopts = "UT"
  revision = "af06845cf3004701891bf4fdb884bfe4920b3727"
  version = "v1.1.0"

[[projects]]
  digest = "1:c805e517269b0ba4c21ded5836019ed7d16953d4026cb7d00041d039c7906be9"
  name = "github.com/natefinch/lumberjack"
  packages = ["."]
  pruneopts = "UT"
  revision = "a96e63847dc3c67d17befa69c303767e2f84e54f"
  version = "v2.1"

[[projects]]
  digest = "1:5b3b29ce0e569f62935d9541dff2e16cc09df981ebde48e82259076a73a3d0c7"
  name = "github.com/op/go-logging"
  packages = ["."]
  pruneopts = "UT"
  revision = "b2cb9fa56473e98db8caba80237377e83fe44db5"
  version = "v1"

[[projects]]
  digest = "1:cf31692c14422fa27c83a05292eb5cbe0fb2775972e8f1f8446a71549bd8980b"
  name = "github.com/pkg/errors"
  packages = ["."]
  pruneopts = "UT"
  revision = "ba968bfe8b2f7e042a574c888954fccecfa385b4"
  version = "v0.8.1"

[[projects]]
  digest = "1:04457f9f6f3ffc5fea48e71d62f2ca256637dee0a04d710288e27e05c8b41976"
  name = "github.com/sirupsen/logrus"
  packages = ["."]
  pruneopts = "UT"
  revision = "839c75faf7f98a33d445d181f3018b5c3409a45e"
  version = "v1.4.2"

[[projects]]
  branch = "master"
  digest = "1:519621a373ae7d96a16415a6356d7b97722ed3a292f73409b361b7c0322971e3"
  name = "github.com/skratchdot/open-golang"
  packages = ["open"]
  pruneopts = "UT"
  revision = "79abb63cd66e41cb1473e26d11ebdcd68b04c8e5"

[[projects]]
  digest = "1:91b40a2adb6b4ccd51b1dfb306edfa76139e1599b01666346085472b386f5447"
  name = "github.com/tyler-smith/go-bip39"
  packages = [
    ".",
    "wordlists",
  ]
  pruneopts = "UT"
  revision = "5e3853c3f4e1a44df487c7efeb064ee8b43755de"
  version = "1.0.2"

[[projects]]
  branch = "master"
  digest = "1:6d096c04caafd558fd8aaae07bf349235a0c455c652cd524c2e0a4e95e536cdd"
  name = "github.com/yawning/bulb"
  packages = [
    ".",
    "utils",
    "utils/pkcs1",
  ]
  pruneopts = "UT"
  revision = "85d80d893c3d4a478b8c0abbc43f0ea13e1ce4f9"

[[projects]]
  branch = "master"
  digest = "1:0d755c79cf492f95dc62fa1a37675578dda65124879888643c7e85a9bf0dd2fa"
  name = "golang.org/x/crypto"
  packages = [
    "pbkdf2",
    "ripemd160",
    "ssh/terminal",
  ]
  pruneopts = "UT"
  revision = "becbf705a91575484002d598f87d74f0002801e7"

[[projects]]
  branch = "master"
  digest = "1:acf27ebc20ba6dfedd0ec4b01dfeab79da907ccfd902307d8ea3e87faf6f5226"
  name = "golang.org/x/net"
  packages = [
    "context",
    "context/ctxhttp",
    "http/httpguts",
    "http2",
    "http2/hpack",
    "idna",
    "internal/socks",
    "internal/timeseries",
    "proxy",
    "trace",
  ]
  pruneopts = "UT"
  revision = "c0dbc17a35534bf2e581d7a942408dc936316da4"

[[projects]]
  branch = "master"
  digest = "1:f925764d91fb7b42bd204eeb12cd741dbe2ba3053ac1a13eda3e91e40a570e5c"
  name = "golang.org/x/sys"
  packages = [
    "unix",
    "windows",
  ]
  pruneopts = "UT"
  revision = "0732a990476f7f2f5f7200b39ba4ab730c0f09f8"

[[projects]]
  digest = "1:8d8faad6b12a3a4c819a3f9618cb6ee1fa1cfc33253abeeea8b55336721e3405"
  name = "golang.org/x/text"
  packages = [
    "collate",
    "collate/build",
    "internal/colltab",
    "internal/gen",
    "internal/language",
    "internal/language/compact",
    "internal/tag",
    "internal/triegen",
    "internal/ucd",
    "language",
    "secure/bidirule",
    "transform",
    "unicode/bidi",
    "unicode/cldr",
    "unicode/norm",
    "unicode/rangetable",
  ]
  pruneopts = "UT"
  revision = "342b2e1fbaa52c93f31447ad2c6abc048c63e475"
  version = "v0.3.2"

[[projects]]
  branch = "master"
  digest = "1:583a0c80f5e3a9343d33aea4aead1e1afcc0043db66fdf961ddd1fe8cd3a4faf"
  name = "google.golang.org/genproto"
  packages = ["googleapis/rpc/status"]
  pruneopts = "UT"
  revision = "5c49e3ecc1c1580952a66cb92d77bd066ecd5744"

[[projects]]
  digest = "1:3abb0cc9fcc8c2a4bbe49b6d2c5894d7ba782b17a3463fdbfc5820b764633643"
  name = "google.golang.org/grpc"
  packages = [
    ".",
    "attributes",
    "backoff",
    "balancer",
    "balancer/base",
    "balancer/roundrobin",
    "binarylog/grpc_binarylog_v1",
    "codes",
    "connectivity",
    "credentials",
    "credentials/internal",
    "encoding",
    "encoding/proto",
    "grpclog",
    "internal",
    "internal/backoff",
    "internal/balancerload",
    "internal/binarylog",
    "internal/buffer",
    "internal/channelz",
    "internal/envconfig",
    "internal/grpcrand",
    "internal/grpcsync",
    "internal/resolver/dns",
    "internal/resolver/passthrough",
    "internal/syscall",
    "internal/transport",
    "keepalive",
    "metadata",
    "naming",
    "peer",
    "reflection",
    "reflection/grpc_reflection_v1alpha",
    "resolver",
    "serviceconfig",
    "stats",
    "status",
    "tap",
  ]
  pruneopts = "UT"
  revision = "f5b0812e6fe574d90da76b205e9eb51f6ddb1919"
  version = "v1.26.0"

[solve-meta]
  analyzer-name = "dep"
  analyzer-version = 1
  input-imports = [
    "github.com/OpenBazaar/jsonpb",
    "github.com/OpenBazaar/wallet-interface",
    "github.com/asticode/go-astilectron",
    "github.com/asticode/go-astilog",
    "github.com/asticode/go-astitools/template",
    "github.com/atotto/clipboard",
    "github.com/boltdb/bolt",
    "github.com/btcsuite/btcd/addrmgr",
    "github.com/btcsuite/btcd/blockchain",
    "github.com/btcsuite/btcd/btcec",
    "github.com/btcsuite/btcd/chaincfg",
    "github.com/btcsuite/btcd/chaincfg/chainhash",
    "github.com/btcsuite/btcd/connmgr",
    "github.com/btcsuite/btcd/peer",
    "github.com/btcsuite/btcd/txscript",
    "github.com/btcsuite/btcd/wire",
    "github.com/btcsuite/btcutil",
    "github.com/btcsuite/btcutil/bloom",
    "github.com/btcsuite/btcutil/coinset",
    "github.com/btcsuite/btcutil/hdkeychain",
    "github.com/btcsuite/btcutil/txsort",
    "github.com/btcsuite/btcwallet/wallet/txauthor",
    "github.com/btcsuite/btcwallet/wallet/txrules",
    "github.com/btcsuite/goleveldb/leveldb/errors",
    "github.com/cevaris/ordered_map",
    "github.com/fatih/color",
    "github.com/golang/protobuf/proto",
    "github.com/golang/protobuf/ptypes",
    "github.com/golang/protobuf/ptypes/timestamp",
    "github.com/jessevdk/go-flags",
    "github.com/julienschmidt/httprouter",
    "github.com/mattn/go-sqlite3",
    "github.com/mitchellh/go-homedir",
    "github.com/natefinch/lumberjack",
    "github.com/op/go-logging",
    "github.com/pkg/errors",
    "github.com/skratchdot/open-golang/open",
    "github.com/tyler-smith/go-bip39",
    "github.com/yawning/bulb",
    "golang.org/x/net/context",
    "golang.org/x/net/proxy",
    "google.golang.org/grpc",
    "google.golang.org/grpc/reflection",
  ]
  solver-name = "gps-cdcl"
  solver-version = 1
